// !$*UTF8*$!
{
	archiveVersion = 1;
	classes = {
	};
	objectVersion = 56;
	objects = {

/* Begin PBXBuildFile section */
		E70049102A9C95C200CA0825 /* SorterListVC.swift in Sources */ = {isa = PBXBuildFile; fileRef = E700490F2A9C95C200CA0825 /* SorterListVC.swift */; };
		E70049122A9C980300CA0825 /* SortedDataVC.swift in Sources */ = {isa = PBXBuildFile; fileRef = E70049112A9C980300CA0825 /* SortedDataVC.swift */; };
		E70049172A9C994E00CA0825 /* SortedJokesTableViewCell.swift in Sources */ = {isa = PBXBuildFile; fileRef = E70049162A9C994E00CA0825 /* SortedJokesTableViewCell.swift */; };
		E70049192A9C995C00CA0825 /* SortedDataCell.swift in Sources */ = {isa = PBXBuildFile; fileRef = E70049182A9C995C00CA0825 /* SortedDataCell.swift */; };
		E73ACF6F2A95FA4F0038E3FF /* Realm in Frameworks */ = {isa = PBXBuildFile; productRef = E73ACF6E2A95FA4F0038E3FF /* Realm */; };
		E73ACF712A95FA4F0038E3FF /* RealmSwift in Frameworks */ = {isa = PBXBuildFile; productRef = E73ACF702A95FA4F0038E3FF /* RealmSwift */; };
		E73ACF772A95FB1B0038E3FF /* RealmService.swift in Sources */ = {isa = PBXBuildFile; fileRef = E73ACF762A95FB1B0038E3FF /* RealmService.swift */; };
		E73ACF7B2A9600050038E3FF /* JokesTableViewCell.swift in Sources */ = {isa = PBXBuildFile; fileRef = E73ACF7A2A9600050038E3FF /* JokesTableViewCell.swift */; };
		E7BAF3252A94A43500B4E60E /* AppDelegate.swift in Sources */ = {isa = PBXBuildFile; fileRef = E7BAF3242A94A43500B4E60E /* AppDelegate.swift */; };
		E7BAF3272A94A43500B4E60E /* SceneDelegate.swift in Sources */ = {isa = PBXBuildFile; fileRef = E7BAF3262A94A43500B4E60E /* SceneDelegate.swift */; };
		E7BAF3292A94A43500B4E60E /* ViewController.swift in Sources */ = {isa = PBXBuildFile; fileRef = E7BAF3282A94A43500B4E60E /* ViewController.swift */; };
		E7BAF32C2A94A43500B4E60E /* Main.storyboard in Resources */ = {isa = PBXBuildFile; fileRef = E7BAF32A2A94A43500B4E60E /* Main.storyboard */; };
		E7BAF32E2A94A43700B4E60E /* Assets.xcassets in Resources */ = {isa = PBXBuildFile; fileRef = E7BAF32D2A94A43700B4E60E /* Assets.xcassets */; };
		E7BAF3312A94A43700B4E60E /* LaunchScreen.storyboard in Resources */ = {isa = PBXBuildFile; fileRef = E7BAF32F2A94A43700B4E60E /* LaunchScreen.storyboard */; };
		E7BAF3392A94A64D00B4E60E /* NetworkService.swift in Sources */ = {isa = PBXBuildFile; fileRef = E7BAF3382A94A64D00B4E60E /* NetworkService.swift */; };
/* End PBXBuildFile section */

/* Begin PBXFileReference section */
		E700490F2A9C95C200CA0825 /* SorterListVC.swift */ = {isa = PBXFileReference; lastKnownFileType = sourcecode.swift; path = SorterListVC.swift; sourceTree = "<group>"; };
		E70049112A9C980300CA0825 /* SortedDataVC.swift */ = {isa = PBXFileReference; lastKnownFileType = sourcecode.swift; path = SortedDataVC.swift; sourceTree = "<group>"; };
		E70049162A9C994E00CA0825 /* SortedJokesTableViewCell.swift */ = {isa = PBXFileReference; lastKnownFileType = sourcecode.swift; path = SortedJokesTableViewCell.swift; sourceTree = "<group>"; };
		E70049182A9C995C00CA0825 /* SortedDataCell.swift */ = {isa = PBXFileReference; lastKnownFileType = sourcecode.swift; path = SortedDataCell.swift; sourceTree = "<group>"; };
		E73ACF762A95FB1B0038E3FF /* RealmService.swift */ = {isa = PBXFileReference; lastKnownFileType = sourcecode.swift; path = RealmService.swift; sourceTree = "<group>"; };
		E73ACF7A2A9600050038E3FF /* JokesTableViewCell.swift */ = {isa = PBXFileReference; lastKnownFileType = sourcecode.swift; path = JokesTableViewCell.swift; sourceTree = "<group>"; };
		E7BAF3212A94A43500B4E60E /* ChuckNorisJokes.app */ = {isa = PBXFileReference; explicitFileType = wrapper.application; includeInIndex = 0; path = ChuckNorisJokes.app; sourceTree = BUILT_PRODUCTS_DIR; };
		E7BAF3242A94A43500B4E60E /* AppDelegate.swift */ = {isa = PBXFileReference; lastKnownFileType = sourcecode.swift; path = AppDelegate.swift; sourceTree = "<group>"; };
		E7BAF3262A94A43500B4E60E /* SceneDelegate.swift */ = {isa = PBXFileReference; lastKnownFileType = sourcecode.swift; path = SceneDelegate.swift; sourceTree = "<group>"; };
		E7BAF3282A94A43500B4E60E /* ViewController.swift */ = {isa = PBXFileReference; lastKnownFileType = sourcecode.swift; path = ViewController.swift; sourceTree = "<group>"; };
		E7BAF32B2A94A43500B4E60E /* Base */ = {isa = PBXFileReference; lastKnownFileType = file.storyboard; name = Base; path = Base.lproj/Main.storyboard; sourceTree = "<group>"; };
		E7BAF32D2A94A43700B4E60E /* Assets.xcassets */ = {isa = PBXFileReference; lastKnownFileType = folder.assetcatalog; path = Assets.xcassets; sourceTree = "<group>"; };
		E7BAF3302A94A43700B4E60E /* Base */ = {isa = PBXFileReference; lastKnownFileType = file.storyboard; name = Base; path = Base.lproj/LaunchScreen.storyboard; sourceTree = "<group>"; };
		E7BAF3322A94A43700B4E60E /* Info.plist */ = {isa = PBXFileReference; lastKnownFileType = text.plist.xml; path = Info.plist; sourceTree = "<group>"; };
		E7BAF3382A94A64D00B4E60E /* NetworkService.swift */ = {isa = PBXFileReference; lastKnownFileType = sourcecode.swift; path = NetworkService.swift; sourceTree = "<group>"; };
/* End PBXFileReference section */

/* Begin PBXFrameworksBuildPhase section */
		E7BAF31E2A94A43500B4E60E /* Frameworks */ = {
			isa = PBXFrameworksBuildPhase;
			buildActionMask = 2147483647;
			files = (
				E73ACF712A95FA4F0038E3FF /* RealmSwift in Frameworks */,
				E73ACF6F2A95FA4F0038E3FF /* Realm in Frameworks */,
			);
			runOnlyForDeploymentPostprocessing = 0;
		};
/* End PBXFrameworksBuildPhase section */

/* Begin PBXGroup section */
		E70049132A9C98A600CA0825 /* RandomJokeksVC */ = {
			isa = PBXGroup;
			children = (
				E7BAF3282A94A43500B4E60E /* ViewController.swift */,
				E73ACF7A2A9600050038E3FF /* JokesTableViewCell.swift */,
			);
			path = RandomJokeksVC;
			sourceTree = "<group>";
		};
		E70049142A9C98AF00CA0825 /* SortedVCJokes */ = {
			isa = PBXGroup;
			children = (
				E700490F2A9C95C200CA0825 /* SorterListVC.swift */,
				E70049162A9C994E00CA0825 /* SortedJokesTableViewCell.swift */,
			);
			path = SortedVCJokes;
			sourceTree = "<group>";
		};
		E70049152A9C98B500CA0825 /* SortedData */ = {
			isa = PBXGroup;
			children = (
				E70049112A9C980300CA0825 /* SortedDataVC.swift */,
				E70049182A9C995C00CA0825 /* SortedDataCell.swift */,
			);
			path = SortedData;
			sourceTree = "<group>";
		};
		E7BAF3182A94A43500B4E60E = {
			isa = PBXGroup;
			children = (
				E7BAF3232A94A43500B4E60E /* ChuckNorisJokes */,
				E7BAF3222A94A43500B4E60E /* Products */,
			);
			sourceTree = "<group>";
		};
		E7BAF3222A94A43500B4E60E /* Products */ = {
			isa = PBXGroup;
			children = (
				E7BAF3212A94A43500B4E60E /* ChuckNorisJokes.app */,
			);
			name = Products;
			sourceTree = "<group>";
		};
		E7BAF3232A94A43500B4E60E /* ChuckNorisJokes */ = {
			isa = PBXGroup;
			children = (
				E7BAF3242A94A43500B4E60E /* AppDelegate.swift */,
				E7BAF3262A94A43500B4E60E /* SceneDelegate.swift */,
				E7BAF3382A94A64D00B4E60E /* NetworkService.swift */,
				E73ACF762A95FB1B0038E3FF /* RealmService.swift */,
				E70049142A9C98AF00CA0825 /* SortedVCJokes */,
				E70049152A9C98B500CA0825 /* SortedData */,
				E70049132A9C98A600CA0825 /* RandomJokeksVC */,
				E7BAF32A2A94A43500B4E60E /* Main.storyboard */,
				E7BAF32D2A94A43700B4E60E /* Assets.xcassets */,
				E7BAF32F2A94A43700B4E60E /* LaunchScreen.storyboard */,
				E7BAF3322A94A43700B4E60E /* Info.plist */,
			);
			path = ChuckNorisJokes;
			sourceTree = "<group>";
		};
/* End PBXGroup section */

/* Begin PBXNativeTarget section */
		E7BAF3202A94A43500B4E60E /* ChuckNorisJokes */ = {
			isa = PBXNativeTarget;
			buildConfigurationList = E7BAF3352A94A43700B4E60E /* Build configuration list for PBXNativeTarget "ChuckNorisJokes" */;
			buildPhases = (
				E7BAF31D2A94A43500B4E60E /* Sources */,
				E7BAF31E2A94A43500B4E60E /* Frameworks */,
				E7BAF31F2A94A43500B4E60E /* Resources */,
			);
			buildRules = (
			);
			dependencies = (
			);
			name = ChuckNorisJokes;
			packageProductDependencies = (
				E73ACF6E2A95FA4F0038E3FF /* Realm */,
				E73ACF702A95FA4F0038E3FF /* RealmSwift */,
			);
			productName = ChuckNorisJokes;
			productReference = E7BAF3212A94A43500B4E60E /* ChuckNorisJokes.app */;
			productType = "com.apple.product-type.application";
		};
/* End PBXNativeTarget section */

/* Begin PBXProject section */
		E7BAF3192A94A43500B4E60E /* Project object */ = {
			isa = PBXProject;
			attributes = {
				BuildIndependentTargetsInParallel = 1;
				LastSwiftUpdateCheck = 1430;
				LastUpgradeCheck = 1430;
				TargetAttributes = {
					E7BAF3202A94A43500B4E60E = {
						CreatedOnToolsVersion = 14.3;
					};
				};
			};
			buildConfigurationList = E7BAF31C2A94A43500B4E60E /* Build configuration list for PBXProject "ChuckNorisJokes" */;
			compatibilityVersion = "Xcode 14.0";
			developmentRegion = en;
			hasScannedForEncodings = 0;
			knownRegions = (
				en,
				Base,
			);
			mainGroup = E7BAF3182A94A43500B4E60E;
			packageReferences = (
				E73ACF6D2A95FA4F0038E3FF /* XCRemoteSwiftPackageReference "realm-swift" */,
			);
			productRefGroup = E7BAF3222A94A43500B4E60E /* Products */;
			projectDirPath = "";
			projectRoot = "";
			targets = (
				E7BAF3202A94A43500B4E60E /* ChuckNorisJokes */,
			);
		};
/* End PBXProject section */

/* Begin PBXResourcesBuildPhase section */
		E7BAF31F2A94A43500B4E60E /* Resources */ = {
			isa = PBXResourcesBuildPhase;
			buildActionMask = 2147483647;
			files = (
				E7BAF3312A94A43700B4E60E /* LaunchScreen.storyboard in Resources */,
				E7BAF32E2A94A43700B4E60E /* Assets.xcassets in Resources */,
				E7BAF32C2A94A43500B4E60E /* Main.storyboard in Resources */,
			);
			runOnlyForDeploymentPostprocessing = 0;
		};
/* End PBXResourcesBuildPhase section */

/* Begin PBXSourcesBuildPhase section */
		E7BAF31D2A94A43500B4E60E /* Sources */ = {
			isa = PBXSourcesBuildPhase;
			buildActionMask = 2147483647;
			files = (
				E7BAF3292A94A43500B4E60E /* ViewController.swift in Sources */,
				E70049192A9C995C00CA0825 /* SortedDataCell.swift in Sources */,
				E7BAF3252A94A43500B4E60E /* AppDelegate.swift in Sources */,
				E73ACF7B2A9600050038E3FF /* JokesTableViewCell.swift in Sources */,
				E70049122A9C980300CA0825 /* SortedDataVC.swift in Sources */,
				E7BAF3392A94A64D00B4E60E /* NetworkService.swift in Sources */,
				E70049102A9C95C200CA0825 /* SorterListVC.swift in Sources */,
				E70049172A9C994E00CA0825 /* SortedJokesTableViewCell.swift in Sources */,
				E7BAF3272A94A43500B4E60E /* SceneDelegate.swift in Sources */,
				E73ACF772A95FB1B0038E3FF /* RealmService.swift in Sources */,
			);
			runOnlyForDeploymentPostprocessing = 0;
		};
/* End PBXSourcesBuildPhase section */

/* Begin PBXVariantGroup section */
		E7BAF32A2A94A43500B4E60E /* Main.storyboard */ = {
			isa = PBXVariantGroup;
			children = (
				E7BAF32B2A94A43500B4E60E /* Base */,
			);
			name = Main.storyboard;
			sourceTree = "<group>";
		};
		E7BAF32F2A94A43700B4E60E /* LaunchScreen.storyboard */ = {
			isa = PBXVariantGroup;
			children = (
				E7BAF3302A94A43700B4E60E /* Base */,
			);
			name = LaunchScreen.storyboard;
			sourceTree = "<group>";
		};
/* End PBXVariantGroup section */

/* Begin XCBuildConfiguration section */
		E7BAF3332A94A43700B4E60E /* Debug */ = {
			isa = XCBuildConfiguration;
			buildSettings = {
				ALWAYS_SEARCH_USER_PATHS = NO;
				CLANG_ANALYZER_NONNULL = YES;
				CLANG_ANALYZER_NUMBER_OBJECT_CONVERSION = YES_AGGRESSIVE;
				CLANG_CXX_LANGUAGE_STANDARD = "gnu++20";
				CLANG_ENABLE_MODULES = YES;
				CLANG_ENABLE_OBJC_ARC = YES;
				CLANG_ENABLE_OBJC_WEAK = YES;
				CLANG_WARN_BLOCK_CAPTURE_AUTORELEASING = YES;
				CLANG_WARN_BOOL_CONVERSION = YES;
				CLANG_WARN_COMMA = YES;
				CLANG_WARN_CONSTANT_CONVERSION = YES;
				CLANG_WARN_DEPRECATED_OBJC_IMPLEMENTATIONS = YES;
				CLANG_WARN_DIRECT_OBJC_ISA_USAGE = YES_ERROR;
				CLANG_WARN_DOCUMENTATION_COMMENTS = YES;
				CLANG_WARN_EMPTY_BODY = YES;
				CLANG_WARN_ENUM_CONVERSION = YES;
				CLANG_WARN_INFINITE_RECURSION = YES;
				CLANG_WARN_INT_CONVERSION = YES;
				CLANG_WARN_NON_LITERAL_NULL_CONVERSION = YES;
				CLANG_WARN_OBJC_IMPLICIT_RETAIN_SELF = YES;
				CLANG_WARN_OBJC_LITERAL_CONVERSION = YES;
				CLANG_WARN_OBJC_ROOT_CLASS = YES_ERROR;
				CLANG_WARN_QUOTED_INCLUDE_IN_FRAMEWORK_HEADER = YES;
				CLANG_WARN_RANGE_LOOP_ANALYSIS = YES;
				CLANG_WARN_STRICT_PROTOTYPES = YES;
				CLANG_WARN_SUSPICIOUS_MOVE = YES;
				CLANG_WARN_UNGUARDED_AVAILABILITY = YES_AGGRESSIVE;
				CLANG_WARN_UNREACHABLE_CODE = YES;
				CLANG_WARN__DUPLICATE_METHOD_MATCH = YES;
				COPY_PHASE_STRIP = NO;
				DEBUG_INFORMATION_FORMAT = dwarf;
				ENABLE_STRICT_OBJC_MSGSEND = YES;
				ENABLE_TESTABILITY = YES;
				GCC_C_LANGUAGE_STANDARD = gnu11;
				GCC_DYNAMIC_NO_PIC = NO;
				GCC_NO_COMMON_BLOCKS = YES;
				GCC_OPTIMIZATION_LEVEL = 0;
				GCC_PREPROCESSOR_DEFINITIONS = (
					"DEBUG=1",
					"$(inherited)",
				);
				GCC_WARN_64_TO_32_BIT_CONVERSION = YES;
				GCC_WARN_ABOUT_RETURN_TYPE = YES_ERROR;
				GCC_WARN_UNDECLARED_SELECTOR = YES;
				GCC_WARN_UNINITIALIZED_AUTOS = YES_AGGRESSIVE;
				GCC_WARN_UNUSED_FUNCTION = YES;
				GCC_WARN_UNUSED_VARIABLE = YES;
				IPHONEOS_DEPLOYMENT_TARGET = 16.4;
				MTL_ENABLE_DEBUG_INFO = INCLUDE_SOURCE;
				MTL_FAST_MATH = YES;
				ONLY_ACTIVE_ARCH = YES;
				SDKROOT = iphoneos;
				SWIFT_ACTIVE_COMPILATION_CONDITIONS = DEBUG;
				SWIFT_OPTIMIZATION_LEVEL = "-Onone";
			};
			name = Debug;
		};
		E7BAF3342A94A43700B4E60E /* Release */ = {
			isa = XCBuildConfiguration;
			buildSettings = {
				ALWAYS_SEARCH_USER_PATHS = NO;
				CLANG_ANALYZER_NONNULL = YES;
				CLANG_ANALYZER_NUMBER_OBJECT_CONVERSION = YES_AGGRESSIVE;
				CLANG_CXX_LANGUAGE_STANDARD = "gnu++20";
				CLANG_ENABLE_MODULES = YES;
				CLANG_ENABLE_OBJC_ARC = YES;
				CLANG_ENABLE_OBJC_WEAK = YES;
				CLANG_WARN_BLOCK_CAPTURE_AUTORELEASING = YES;
				CLANG_WARN_BOOL_CONVERSION = YES;
				CLANG_WARN_COMMA = YES;
				CLANG_WARN_CONSTANT_CONVERSION = YES;
				CLANG_WARN_DEPRECATED_OBJC_IMPLEMENTATIONS = YES;
				CLANG_WARN_DIRECT_OBJC_ISA_USAGE = YES_ERROR;
				CLANG_WARN_DOCUMENTATION_COMMENTS = YES;
				CLANG_WARN_EMPTY_BODY = YES;
				CLANG_WARN_ENUM_CONVERSION = YES;
				CLANG_WARN_INFINITE_RECURSION = YES;
				CLANG_WARN_INT_CONVERSION = YES;
				CLANG_WARN_NON_LITERAL_NULL_CONVERSION = YES;
				CLANG_WARN_OBJC_IMPLICIT_RETAIN_SELF = YES;
				CLANG_WARN_OBJC_LITERAL_CONVERSION = YES;
				CLANG_WARN_OBJC_ROOT_CLASS = YES_ERROR;
				CLANG_WARN_QUOTED_INCLUDE_IN_FRAMEWORK_HEADER = YES;
				CLANG_WARN_RANGE_LOOP_ANALYSIS = YES;
				CLANG_WARN_STRICT_PROTOTYPES = YES;
				CLANG_WARN_SUSPICIOUS_MOVE = YES;
				CLANG_WARN_UNGUARDED_AVAILABILITY = YES_AGGRESSIVE;
				CLANG_WARN_UNREACHABLE_CODE = YES;
				CLANG_WARN__DUPLICATE_METHOD_MATCH = YES;
				COPY_PHASE_STRIP = NO;
				DEBUG_INFORMATION_FORMAT = "dwarf-with-dsym";
				ENABLE_NS_ASSERTIONS = NO;
				ENABLE_STRICT_OBJC_MSGSEND = YES;
				GCC_C_LANGUAGE_STANDARD = gnu11;
				GCC_NO_COMMON_BLOCKS = YES;
				GCC_WARN_64_TO_32_BIT_CONVERSION = YES;
				GCC_WARN_ABOUT_RETURN_TYPE = YES_ERROR;
				GCC_WARN_UNDECLARED_SELECTOR = YES;
				GCC_WARN_UNINITIALIZED_AUTOS = YES_AGGRESSIVE;
				GCC_WARN_UNUSED_FUNCTION = YES;
				GCC_WARN_UNUSED_VARIABLE = YES;
				IPHONEOS_DEPLOYMENT_TARGET = 16.4;
				MTL_ENABLE_DEBUG_INFO = NO;
				MTL_FAST_MATH = YES;
				SDKROOT = iphoneos;
				SWIFT_COMPILATION_MODE = wholemodule;
				SWIFT_OPTIMIZATION_LEVEL = "-O";
				VALIDATE_PRODUCT = YES;
			};
			name = Release;
		};
		E7BAF3362A94A43700B4E60E /* Debug */ = {
			isa = XCBuildConfiguration;
			buildSettings = {
				ASSETCATALOG_COMPILER_APPICON_NAME = AppIcon;
				ASSETCATALOG_COMPILER_GLOBAL_ACCENT_COLOR_NAME = AccentColor;
				CODE_SIGN_STYLE = Automatic;
				CURRENT_PROJECT_VERSION = 1;
				DEVELOPMENT_TEAM = X5WGN6BU5T;
				GENERATE_INFOPLIST_FILE = YES;
				INFOPLIST_FILE = ChuckNorisJokes/Info.plist;
				INFOPLIST_KEY_UIApplicationSupportsIndirectInputEvents = YES;
				INFOPLIST_KEY_UILaunchStoryboardName = LaunchScreen;
				INFOPLIST_KEY_UIMainStoryboardFile = Main;
				INFOPLIST_KEY_UISupportedInterfaceOrientations_iPad = "UIInterfaceOrientationPortrait UIInterfaceOrientationPortraitUpsideDown UIInterfaceOrientationLandscapeLeft UIInterfaceOrientationLandscapeRight";
				INFOPLIST_KEY_UISupportedInterfaceOrientations_iPhone = "UIInterfaceOrientationPortrait UIInterfaceOrientationLandscapeLeft UIInterfaceOrientationLandscapeRight";
				LD_RUNPATH_SEARCH_PATHS = (
					"$(inherited)",
					"@executable_path/Frameworks",
				);
				MARKETING_VERSION = 1.0;
				PRODUCT_BUNDLE_IDENTIFIER = "HW-NETOLOGY.ChuckNorisJokes";
				PRODUCT_NAME = "$(TARGET_NAME)";
				SWIFT_EMIT_LOC_STRINGS = YES;
				SWIFT_VERSION = 5.0;
				TARGETED_DEVICE_FAMILY = "1,2";
			};
			name = Debug;
		};
		E7BAF3372A94A43700B4E60E /* Release */ = {
			isa = XCBuildConfiguration;
			buildSettings = {
				ASSETCATALOG_COMPILER_APPICON_NAME = AppIcon;
				ASSETCATALOG_COMPILER_GLOBAL_ACCENT_COLOR_NAME = AccentColor;
				CODE_SIGN_STYLE = Automatic;
				CURRENT_PROJECT_VERSION = 1;
				DEVELOPMENT_TEAM = X5WGN6BU5T;
				GENERATE_INFOPLIST_FILE = YES;
				INFOPLIST_FILE = ChuckNorisJokes/Info.plist;
				INFOPLIST_KEY_UIApplicationSupportsIndirectInputEvents = YES;
				INFOPLIST_KEY_UILaunchStoryboardName = LaunchScreen;
				INFOPLIST_KEY_UIMainStoryboardFile = Main;
				INFOPLIST_KEY_UISupportedInterfaceOrientations_iPad = "UIInterfaceOrientationPortrait UIInterfaceOrientationPortraitUpsideDown UIInterfaceOrientationLandscapeLeft UIInterfaceOrientationLandscapeRight";
				INFOPLIST_KEY_UISupportedInterfaceOrientations_iPhone = "UIInterfaceOrientationPortrait UIInterfaceOrientationLandscapeLeft UIInterfaceOrientationLandscapeRight";
				LD_RUNPATH_SEARCH_PATHS = (
					"$(inherited)",
					"@executable_path/Frameworks",
				);
				MARKETING_VERSION = 1.0;
				PRODUCT_BUNDLE_IDENTIFIER = "HW-NETOLOGY.ChuckNorisJokes";
				PRODUCT_NAME = "$(TARGET_NAME)";
				SWIFT_EMIT_LOC_STRINGS = YES;
				SWIFT_VERSION = 5.0;
				TARGETED_DEVICE_FAMILY = "1,2";
			};
			name = Release;
		};
/* End XCBuildConfiguration section */

/* Begin XCConfigurationList section */
		E7BAF31C2A94A43500B4E60E /* Build configuration list for PBXProject "ChuckNorisJokes" */ = {
			isa = XCConfigurationList;
			buildConfigurations = (
				E7BAF3332A94A43700B4E60E /* Debug */,
				E7BAF3342A94A43700B4E60E /* Release */,
			);
			defaultConfigurationIsVisible = 0;
			defaultConfigurationName = Release;
		};
		E7BAF3352A94A43700B4E60E /* Build configuration list for PBXNativeTarget "ChuckNorisJokes" */ = {
			isa = XCConfigurationList;
			buildConfigurations = (
				E7BAF3362A94A43700B4E60E /* Debug */,
				E7BAF3372A94A43700B4E60E /* Release */,
			);
			defaultConfigurationIsVisible = 0;
			defaultConfigurationName = Release;
		};
/* End XCConfigurationList section */

/* Begin XCRemoteSwiftPackageReference section */
		E73ACF6D2A95FA4F0038E3FF /* XCRemoteSwiftPackageReference "realm-swift" */ = {
			isa = XCRemoteSwiftPackageReference;
			repositoryURL = "https://github.com/realm/realm-swift.git";
			requirement = {
				branch = master;
				kind = branch;
			};
		};
/* End XCRemoteSwiftPackageReference section */

/* Begin XCSwiftPackageProductDependency section */
		E73ACF6E2A95FA4F0038E3FF /* Realm */ = {
			isa = XCSwiftPackageProductDependency;
			package = E73ACF6D2A95FA4F0038E3FF /* XCRemoteSwiftPackageReference "realm-swift" */;
			productName = Realm;
		};
		E73ACF702A95FA4F0038E3FF /* RealmSwift */ = {
			isa = XCSwiftPackageProductDependency;
			package = E73ACF6D2A95FA4F0038E3FF /* XCRemoteSwiftPackageReference "realm-swift" */;
			productName = RealmSwift;
		};
/* End XCSwiftPackageProductDependency section */
	};
	rootObject = E7BAF3192A94A43500B4E60E /* Project object */;
}
